
Microsoft Visual Studio Solution File, Format Version 12.00
# Visual Studio 15
VisualStudioVersion = 15.0.27428.1
MinimumVisualStudioVersion = 10.0.40219.1
Project("{FAE04EC0-301F-11D3-BF4B-00C04F79EFBC}") = "MongoDBPlugIn", "MongoDBPlugIn\MongoDBPlugIn.csproj", "{977A0F08-3C98-43EB-A7A3-A646E93A5C21}"
EndProject
Project("{FAE04EC0-301F-11D3-BF4B-00C04F79EFBC}") = "MongoDBCommands", "MongoDBCommands\MongoDBCommands.csproj", "{7D53C27D-BD9E-45DC-8A34-BF25890778DA}"
	ProjectSection(ProjectDependencies) = postProject
		{977A0F08-3C98-43EB-A7A3-A646E93A5C21} = {977A0F08-3C98-43EB-A7A3-A646E93A5C21}
		{1493A722-9124-49E4-A34E-8C51A6ADDFB5} = {1493A722-9124-49E4-A34E-8C51A6ADDFB5}
	EndProjectSection
EndProject
Project("{FAE04EC0-301F-11D3-BF4B-00C04F79EFBC}") = "MongoDBPluginUI", "MongoDBPluginUI\MongoDBPluginUI.csproj", "{1493A722-9124-49E4-A34E-8C51A6ADDFB5}"
EndProject
Global
	GlobalSection(SolutionConfigurationPlatforms) = preSolution
		Debug|Any CPU = Debug|Any CPU
		Debug|x86 = Debug|x86
		Release|Any CPU = Release|Any CPU
		Release|x86 = Release|x86
	EndGlobalSection
	GlobalSection(ProjectConfigurationPlatforms) = postSolution
		{977A0F08-3C98-43EB-A7A3-A646E93A5C21}.Debug|Any CPU.ActiveCfg = Debug|Any CPU
		{977A0F08-3C98-43EB-A7A3-A646E93A5C21}.Debug|Any CPU.Build.0 = Debug|Any CPU
		{977A0F08-3C98-43EB-A7A3-A646E93A5C21}.Debug|x86.ActiveCfg = Debug|x86
		{977A0F08-3C98-43EB-A7A3-A646E93A5C21}.Debug|x86.Build.0 = Debug|x86
		{977A0F08-3C98-43EB-A7A3-A646E93A5C21}.Release|Any CPU.ActiveCfg = Release|Any CPU
		{977A0F08-3C98-43EB-A7A3-A646E93A5C21}.Release|Any CPU.Build.0 = Release|Any CPU
		{977A0F08-3C98-43EB-A7A3-A646E93A5C21}.Release|x86.ActiveCfg = Release|x86
		{977A0F08-3C98-43EB-A7A3-A646E93A5C21}.Release|x86.Build.0 = Release|x86
		{7D53C27D-BD9E-45DC-8A34-BF25890778DA}.Debug|Any CPU.ActiveCfg = Debug|Any CPU
		{7D53C27D-BD9E-45DC-8A34-BF25890778DA}.Debug|Any CPU.Build.0 = Debug|Any CPU
		{7D53C27D-BD9E-45DC-8A34-BF25890778DA}.Debug|x86.ActiveCfg = Debug|Any CPU
		{7D53C27D-BD9E-45DC-8A34-BF25890778DA}.Debug|x86.Build.0 = Debug|Any CPU
		{7D53C27D-BD9E-45DC-8A34-BF25890778DA}.Release|Any CPU.ActiveCfg = Release|Any CPU
		{7D53C27D-BD9E-45DC-8A34-BF25890778DA}.Release|Any CPU.Build.0 = Release|Any CPU
		{7D53C27D-BD9E-45DC-8A34-BF25890778DA}.Release|x86.ActiveCfg = Release|Any CPU
		{7D53C27D-BD9E-45DC-8A34-BF25890778DA}.Release|x86.Build.0 = Release|Any CPU
		{1493A722-9124-49E4-A34E-8C51A6ADDFB5}.Debug|Any CPU.ActiveCfg = Debug|Any CPU
		{1493A722-9124-49E4-A34E-8C51A6ADDFB5}.Debug|Any CPU.Build.0 = Debug|Any CPU
		{1493A722-9124-49E4-A34E-8C51A6ADDFB5}.Debug|x86.ActiveCfg = Debug|Any CPU
		{1493A722-9124-49E4-A34E-8C51A6ADDFB5}.Debug|x86.Build.0 = Debug|Any CPU
		{1493A722-9124-49E4-A34E-8C51A6ADDFB5}.Release|Any CPU.ActiveCfg = Release|Any CPU
		{1493A722-9124-49E4-A34E-8C51A6ADDFB5}.Release|Any CPU.Build.0 = Release|Any CPU
		{1493A722-9124-49E4-A34E-8C51A6ADDFB5}.Release|x86.ActiveCfg = Release|Any CPU
		{1493A722-9124-49E4-A34E-8C51A6ADDFB5}.Release|x86.Build.0 = Release|Any CPU
	EndGlobalSection
	GlobalSection(SolutionProperties) = preSolution
		HideSolutionNode = FALSE
	EndGlobalSection
	GlobalSection(ExtensibilityGlobals) = postSolution
		SolutionGuid = {AF391C85-DA01-43B4-94F9-E2E8C68E145E}
	EndGlobalSection
EndGlobal
